
Microsoft Visual Studio Solution File, Format Version 12.00
Project("{FAE04EC0-301F-11D3-BF4B-00C04F79EFBC}") = "PrimePrinter", "PrimePrinter\PrimePrinter.csproj", "{0E694678-56B1-4FFA-AB57-6BE65358739E}"
EndProject
Project("{FAE04EC0-301F-11D3-BF4B-00C04F79EFBC}") = "TestProject1", "TestProject1\TestProject1.csproj", "{5F70E00C-E86D-4123-81F9-223649D57278}"
EndProject
Global
	GlobalSection(SolutionConfigurationPlatforms) = preSolution
		Debug|Any CPU = Debug|Any CPU
		Release|Any CPU = Release|Any CPU
	EndGlobalSection
	GlobalSection(ProjectConfigurationPlatforms) = postSolution
		{0E694678-56B1-4FFA-AB57-6BE65358739E}.Debug|Any CPU.ActiveCfg = Debug|Any CPU
		{0E694678-56B1-4FFA-AB57-6BE65358739E}.Debug|Any CPU.Build.0 = Debug|Any CPU
		{0E694678-56B1-4FFA-AB57-6BE65358739E}.Release|Any CPU.ActiveCfg = Release|Any CPU
		{0E694678-56B1-4FFA-AB57-6BE65358739E}.Release|Any CPU.Build.0 = Release|Any CPU
		{5F70E00C-E86D-4123-81F9-223649D57278}.Debug|Any CPU.ActiveCfg = Debug|Any CPU
		{5F70E00C-E86D-4123-81F9-223649D57278}.Debug|Any CPU.Build.0 = Debug|Any CPU
		{5F70E00C-E86D-4123-81F9-223649D57278}.Release|Any CPU.ActiveCfg = Release|Any CPU
		{5F70E00C-E86D-4123-81F9-223649D57278}.Release|Any CPU.Build.0 = Release|Any CPU
	EndGlobalSection
EndGlobal
